
Microsoft Visual Studio Solution File, Format Version 12.00
# Visual Studio 14
VisualStudioVersion = 14.0.25123.0
MinimumVisualStudioVersion = 10.0.40219.1
Project("{FAE04EC0-301F-11D3-BF4B-00C04F79EFBC}") = "LearningDictionaries", "LearningDictionaries\LearningDictionaries.csproj", "{8BBECAFC-23C6-4B6A-BC02-5A05D1B130ED}"
EndProject
Global
	GlobalSection(SolutionConfigurationPlatforms) = preSolution
		Debug|Any CPU = Debug|Any CPU
		Release|Any CPU = Release|Any CPU
	EndGlobalSection
	GlobalSection(ProjectConfigurationPlatforms) = postSolution
		{8BBECAFC-23C6-4B6A-BC02-5A05D1B130ED}.Debug|Any CPU.ActiveCfg = Debug|Any CPU
		{8BBECAFC-23C6-4B6A-BC02-5A05D1B130ED}.Debug|Any CPU.Build.0 = Debug|Any CPU
		{8BBECAFC-23C6-4B6A-BC02-5A05D1B130ED}.Release|Any CPU.ActiveCfg = Release|Any CPU
		{8BBECAFC-23C6-4B6A-BC02-5A05D1B130ED}.Release|Any CPU.Build.0 = Release|Any CPU
	EndGlobalSection
	GlobalSection(SolutionProperties) = preSolution
		HideSolutionNode = FALSE
	EndGlobalSection
EndGlobal
